{
  "name": "ioanna-portfolio",
  "version": "1.0.0",
  "lockfileVersion": 3,
  "requires": true,
  "packages": {
    "": {
      "name": "ioanna-portfolio",
      "version": "1.0.0",
      "dependencies": {
        "glider-js": "^1.7.10"
      },
      "engines": {
        "node": ">=18"
      }
    },
    "node_modules/glider-js": {
      "version": "1.7.10",
      "resolved": "https://registry.npmjs.org/glider-js/-/glider-js-1.7.10.tgz",
      "integrity": "sha512-H1cjSSK8LGOvvW0+qdfoS7HSuFjO0eQRBiC8L5t/TdzdV/mNFMzeW7d3HGtVT5SvKOcatK8ZcqkdfEakBEqdcA==",
      "license": "MIT"
    }
  }
}
